
Microsoft Visual Studio Solution File, Format Version 12.00
# Visual Studio Version 17
VisualStudioVersion = 17.2.32505.173
MinimumVisualStudioVersion = 10.0.40219.1
Project("{FAE04EC0-301F-11D3-BF4B-00C04F79EFBC}") = "BlankLocations", "BlankLocations.csproj", "{E34C6F57-6D44-4376-BF70-6055E11573E6}"
EndProject
Project("{FAE04EC0-301F-11D3-BF4B-00C04F79EFBC}") = "BlankLocations_Tests", "..\BlankLocations_Tests\BlankLocations_Tests.csproj", "{EA778FEB-EAF3-475D-B115-691CB0E4C3EA}"
EndProject
Global
	GlobalSection(SolutionConfigurationPlatforms) = preSolution
		Debug|Any CPU = Debug|Any CPU
		Release|Any CPU = Release|Any CPU
	EndGlobalSection
	GlobalSection(ProjectConfigurationPlatforms) = postSolution
		{E34C6F57-6D44-4376-BF70-6055E11573E6}.Debug|Any CPU.ActiveCfg = Debug|Any CPU
		{E34C6F57-6D44-4376-BF70-6055E11573E6}.Debug|Any CPU.Build.0 = Debug|Any CPU
		{E34C6F57-6D44-4376-BF70-6055E11573E6}.Release|Any CPU.ActiveCfg = Release|Any CPU
		{E34C6F57-6D44-4376-BF70-6055E11573E6}.Release|Any CPU.Build.0 = Release|Any CPU
		{EA778FEB-EAF3-475D-B115-691CB0E4C3EA}.Debug|Any CPU.ActiveCfg = Debug|Any CPU
		{EA778FEB-EAF3-475D-B115-691CB0E4C3EA}.Debug|Any CPU.Build.0 = Debug|Any CPU
		{EA778FEB-EAF3-475D-B115-691CB0E4C3EA}.Release|Any CPU.ActiveCfg = Release|Any CPU
		{EA778FEB-EAF3-475D-B115-691CB0E4C3EA}.Release|Any CPU.Build.0 = Release|Any CPU
	EndGlobalSection
	GlobalSection(SolutionProperties) = preSolution
		HideSolutionNode = FALSE
	EndGlobalSection
	GlobalSection(ExtensibilityGlobals) = postSolution
		SolutionGuid = {DC0CF31E-DA37-47D4-BC90-186375EAA598}
	EndGlobalSection
EndGlobal
